// !$*UTF8*$!
{
	archiveVersion = 1;
	classes = {
	};
	objectVersion = 56;
	objects = {

/* Begin PBXBuildFile section */
		B1000001 /* SixtyFourForthApp.swift in Sources */ = {isa = PBXBuildFile; fileRef = B1000101 /* SixtyFourForthApp.swift */; };
		B1000002 /* ContentView.swift in Sources */ = {isa = PBXBuildFile; fileRef = B1000102 /* ContentView.swift */; };
		B1000003 /* ConsoleView.swift in Sources */ = {isa = PBXBuildFile; fileRef = B1000103 /* ConsoleView.swift */; };
		B1000004 /* KernelBridge.swift in Sources */ = {isa = PBXBuildFile; fileRef = B1000104 /* KernelBridge.swift */; };
		B1000005 /* FileHost.swift in Sources */ = {isa = PBXBuildFile; fileRef = B1000105 /* FileHost.swift */; };
		B1000006 /* forth.s in Sources */ = {isa = PBXBuildFile; fileRef = B1000106 /* forth.s */; };
		B1000007 /* Assets.xcassets in Resources */ = {isa = PBXBuildFile; fileRef = B1000107 /* Assets.xcassets */; };
		B1000010 /* ConsoleTextView.swift in Sources */ = {isa = PBXBuildFile; fileRef = B1000110 /* ConsoleTextView.swift */; };
		B1000011 /* BigIntHost.swift in Sources */ = {isa = PBXBuildFile; fileRef = B1000111 /* BigIntHost.swift */; };
		B1000012 /* FileAccess.swift in Sources */ = {isa = PBXBuildFile; fileRef = B1000112 /* FileAccess.swift */; };
		B1000013 /* FloatHost.swift in Sources */ = {isa = PBXBuildFile; fileRef = B1000113 /* FloatHost.swift */; };
		B1000014 /* FacilityTerminal.swift in Sources */ = {isa = PBXBuildFile; fileRef = B1000114 /* FacilityTerminal.swift */; };
		B1000015 /* ForthApplication.swift in Sources */ = {isa = PBXBuildFile; fileRef = B1000116 /* ForthApplication.swift */; };
		B1000016 /* AppMain.swift in Sources */ = {isa = PBXBuildFile; fileRef = B1000117 /* AppMain.swift */; };
		B1000017 /* AgentChannel.swift in Sources */ = {isa = PBXBuildFile; fileRef = B1000118 /* AgentChannel.swift */; };
		B1000018 /* AppOutputHost.swift in Sources */ = {isa = PBXBuildFile; fileRef = B1000119 /* AppOutputHost.swift */; };
		B1000019 /* FacilityEditorHost.swift in Sources */ = {isa = PBXBuildFile; fileRef = B100011A /* FacilityEditorHost.swift */; };
		FA6AA0DF301916D30007C369 /* 64Forth.jpg in Resources */ = {isa = PBXBuildFile; fileRef = FA6AA0DE301916D30007C369 /* 64Forth.jpg */; };
		FADE85D8306D82790035B509 /* IPCProtocol.swift in Sources */ = {isa = PBXBuildFile; fileRef = FADE85D7306D82790035B509 /* IPCProtocol.swift */; };
		FADE85DC306D83330035B509 /* ForthEngine.swift in Sources */ = {isa = PBXBuildFile; fileRef = FADE85DB306D832B0035B509 /* ForthEngine.swift */; };
		FADE85E2306DB6EE0035B509 /* ForthEditorServer.swift in Sources */ = {isa = PBXBuildFile; fileRef = FADE85E1306DB6D70035B509 /* ForthEditorServer.swift */; };
		FAE0DA1C30636EA600B77B7C /* xref.fth in Resources */ = {isa = PBXBuildFile; fileRef = FAE0DA1B30636EA600B77B7C /* xref.fth */; };
/* End PBXBuildFile section */

/* Begin PBXFileReference section */
		B1000100 /* 64Forth.app */ = {isa = PBXFileReference; explicitFileType = wrapper.application; includeInIndex = 0; path = 64Forth.app; sourceTree = BUILT_PRODUCTS_DIR; };
		B1000101 /* SixtyFourForthApp.swift */ = {isa = PBXFileReference; lastKnownFileType = sourcecode.swift; path = SixtyFourForthApp.swift; sourceTree = "<group>"; };
		B1000102 /* ContentView.swift */ = {isa = PBXFileReference; lastKnownFileType = sourcecode.swift; path = ContentView.swift; sourceTree = "<group>"; };
		B1000103 /* ConsoleView.swift */ = {isa = PBXFileReference; lastKnownFileType = sourcecode.swift; path = ConsoleView.swift; sourceTree = "<group>"; };
		B1000104 /* KernelBridge.swift */ = {isa = PBXFileReference; lastKnownFileType = sourcecode.swift; path = KernelBridge.swift; sourceTree = "<group>"; };
		B1000105 /* FileHost.swift */ = {isa = PBXFileReference; lastKnownFileType = sourcecode.swift; path = FileHost.swift; sourceTree = "<group>"; };
		B1000106 /* forth.s */ = {isa = PBXFileReference; lastKnownFileType = sourcecode.asm; path = forth.s; sourceTree = "<group>"; };
		B1000107 /* Assets.xcassets */ = {isa = PBXFileReference; lastKnownFileType = folder.assetcatalog; path = Assets.xcassets; sourceTree = "<group>"; };
		B1000108 /* AutoLoad */ = {isa = PBXFileReference; lastKnownFileType = folder; path = AutoLoad; sourceTree = "<group>"; };
		B1000109 /* Library */ = {isa = PBXFileReference; lastKnownFileType = folder; path = Library; sourceTree = "<group>"; };
		B100010A /* Docs */ = {isa = PBXFileReference; lastKnownFileType = folder; path = Docs; sourceTree = "<group>"; };
		B100010B /* boot_words.inc */ = {isa = PBXFileReference; lastKnownFileType = sourcecode.asm; path = boot_words.inc; sourceTree = "<group>"; };
		B100010C /* colon_words.inc */ = {isa = PBXFileReference; lastKnownFileType = sourcecode.asm; path = colon_words.inc; sourceTree = "<group>"; };
		B100010D /* Info.plist */ = {isa = PBXFileReference; lastKnownFileType = text.plist.xml; path = Info.plist; sourceTree = "<group>"; };
		B100010E /* DESIGN.md */ = {isa = PBXFileReference; lastKnownFileType = net.daringfireball.markdown; path = DESIGN.md; sourceTree = "<group>"; };
		B100010F /* README.md */ = {isa = PBXFileReference; lastKnownFileType = net.daringfireball.markdown; path = README.md; sourceTree = "<group>"; };
		B1000110 /* ConsoleTextView.swift */ = {isa = PBXFileReference; lastKnownFileType = sourcecode.swift; path = ConsoleTextView.swift; sourceTree = "<group>"; };
		B1000111 /* BigIntHost.swift */ = {isa = PBXFileReference; lastKnownFileType = sourcecode.swift; path = BigIntHost.swift; sourceTree = "<group>"; };
		B1000112 /* FileAccess.swift */ = {isa = PBXFileReference; lastKnownFileType = sourcecode.swift; path = FileAccess.swift; sourceTree = "<group>"; };
		B1000113 /* FloatHost.swift */ = {isa = PBXFileReference; lastKnownFileType = sourcecode.swift; path = FloatHost.swift; sourceTree = "<group>"; };
		B1000114 /* FacilityTerminal.swift */ = {isa = PBXFileReference; lastKnownFileType = sourcecode.swift; path = FacilityTerminal.swift; sourceTree = "<group>"; };
		B1000115 /* Config */ = {isa = PBXFileReference; lastKnownFileType = folder; path = Config; sourceTree = "<group>"; };
		B1000116 /* ForthApplication.swift */ = {isa = PBXFileReference; lastKnownFileType = sourcecode.swift; path = ForthApplication.swift; sourceTree = "<group>"; };
		B1000117 /* AppMain.swift */ = {isa = PBXFileReference; lastKnownFileType = sourcecode.swift; path = AppMain.swift; sourceTree = "<group>"; };
		B1000118 /* AgentChannel.swift */ = {isa = PBXFileReference; lastKnownFileType = sourcecode.swift; path = AgentChannel.swift; sourceTree = "<group>"; };
		B1000119 /* AppOutputHost.swift */ = {isa = PBXFileReference; lastKnownFileType = sourcecode.swift; path = AppOutputHost.swift; sourceTree = "<group>"; };
		B100011A /* FacilityEditorHost.swift */ = {isa = PBXFileReference; lastKnownFileType = sourcecode.swift; path = FacilityEditorHost.swift; sourceTree = "<group>"; };
		FA1CDF343048632900D22FCE /* app-output.fth */ = {isa = PBXFileReference; lastKnownFileType = text; path = "app-output.fth"; sourceTree = "<group>"; };
		FA1CDF353048634500D22FCE /* app-points.fth */ = {isa = PBXFileReference; lastKnownFileType = text; path = "app-points.fth"; sourceTree = "<group>"; };
		FA38151E304B00A900EB8DE3 /* boot_words_end.inc */ = {isa = PBXFileReference; lastKnownFileType = sourcecode.pascal; path = boot_words_end.inc; sourceTree = "<group>"; };
		FA38151F304B00A900EB8DE3 /* kernel_api.h */ = {isa = PBXFileReference; lastKnownFileType = sourcecode.c.h; path = kernel_api.h; sourceTree = "<group>"; };
		FA6AA0DE301916D30007C369 /* 64Forth.jpg */ = {isa = PBXFileReference; lastKnownFileType = image.jpeg; path = 64Forth.jpg; sourceTree = "<group>"; };
		FADE85D7306D82790035B509 /* IPCProtocol.swift */ = {isa = PBXFileReference; lastKnownFileType = sourcecode.swift; path = IPCProtocol.swift; sourceTree = "<group>"; };
		FADE85DB306D832B0035B509 /* ForthEngine.swift */ = {isa = PBXFileReference; lastKnownFileType = sourcecode.swift; path = ForthEngine.swift; sourceTree = "<group>"; };
		FADE85E1306DB6D70035B509 /* ForthEditorServer.swift */ = {isa = PBXFileReference; lastKnownFileType = sourcecode.swift; path = ForthEditorServer.swift; sourceTree = "<group>"; };
		FAE0DA1B30636EA600B77B7C /* xref.fth */ = {isa = PBXFileReference; lastKnownFileType = text; path = xref.fth; sourceTree = "<group>"; };
		FAEB4C7E30425AF900F5334E /* kernel1.fth */ = {isa = PBXFileReference; lastKnownFileType = text; path = kernel1.fth; sourceTree = "<group>"; };
		FAEB4C7F30425B4800F5334E /* kernel2.fth */ = {isa = PBXFileReference; lastKnownFileType = text; path = kernel2.fth; sourceTree = "<group>"; };
		FAEB4C8030425C0000F5334E /* vocemit.fth */ = {isa = PBXFileReference; lastKnownFileType = text; path = vocemit.fth; sourceTree = "<group>"; };
		FAEB4C8130425D0000F5334E /* vocsys.fth */ = {isa = PBXFileReference; lastKnownFileType = text; path = vocsys.fth; sourceTree = "<group>"; };
/* End PBXFileReference section */

/* Begin PBXFrameworksBuildPhase section */
		B1000200 /* Frameworks */ = {
			isa = PBXFrameworksBuildPhase;
			buildActionMask = 2147483647;
			files = (
			);
			runOnlyForDeploymentPostprocessing = 0;
		};
/* End PBXFrameworksBuildPhase section */

/* Begin PBXGroup section */
		B1000300 = {
			isa = PBXGroup;
			children = (
				B100010F /* README.md */,
				B100010E /* DESIGN.md */,
				B1000301 /* 64Forth */,
				B1000305 /* Products */,
			);
			sourceTree = "<group>";
		};
		B1000301 /* 64Forth */ = {
			isa = PBXGroup;
			children = (
				FA6AA0DE301916D30007C369 /* 64Forth.jpg */,
				B1000302 /* App */,
				B1000303 /* Host */,
				B1000304 /* Kernel */,
				B1000107 /* Assets.xcassets */,
				B1000306 /* Resources */,
				B100010D /* Info.plist */,
			);
			path = Forth;
			sourceTree = "<group>";
		};
		B1000302 /* App */ = {
			isa = PBXGroup;
			children = (
				FADE85E1306DB6D70035B509 /* ForthEditorServer.swift */,
				FADE85DB306D832B0035B509 /* ForthEngine.swift */,
				FADE85D7306D82790035B509 /* IPCProtocol.swift */,
				B1000117 /* AppMain.swift */,
				B1000118 /* AgentChannel.swift */,
				B1000101 /* SixtyFourForthApp.swift */,
				B1000116 /* ForthApplication.swift */,
				B1000102 /* ContentView.swift */,
				B1000103 /* ConsoleView.swift */,
				B1000110 /* ConsoleTextView.swift */,
			);
			path = App;
			sourceTree = "<group>";
		};
		B1000303 /* Host */ = {
			isa = PBXGroup;
			children = (
				B1000104 /* KernelBridge.swift */,
				B1000105 /* FileHost.swift */,
				B1000112 /* FileAccess.swift */,
				B1000111 /* BigIntHost.swift */,
				B1000113 /* FloatHost.swift */,
				B1000114 /* FacilityTerminal.swift */,
				B1000119 /* AppOutputHost.swift */,
				B100011A /* FacilityEditorHost.swift */,
			);
			path = Host;
			sourceTree = "<group>";
		};
		B1000304 /* Kernel */ = {
			isa = PBXGroup;
			children = (
				FAE0DA1B30636EA600B77B7C /* xref.fth */,
				FA38151E304B00A900EB8DE3 /* boot_words_end.inc */,
				FA38151F304B00A900EB8DE3 /* kernel_api.h */,
				FA1CDF343048632900D22FCE /* app-output.fth */,
				FA1CDF353048634500D22FCE /* app-points.fth */,
				FAEB4C7F30425B4800F5334E /* kernel2.fth */,
				FAEB4C8030425C0000F5334E /* vocemit.fth */,
				FAEB4C8130425D0000F5334E /* vocsys.fth */,
				FAEB4C7E30425AF900F5334E /* kernel1.fth */,
				B1000106 /* forth.s */,
				B100010B /* boot_words.inc */,
				B100010C /* colon_words.inc */,
			);
			path = Kernel;
			sourceTree = "<group>";
		};
		B1000305 /* Products */ = {
			isa = PBXGroup;
			children = (
				B1000100 /* 64Forth.app */,
			);
			name = Products;
			sourceTree = "<group>";
		};
		B1000306 /* Resources */ = {
			isa = PBXGroup;
			children = (
				B1000108 /* AutoLoad */,
				B1000109 /* Library */,
				B100010A /* Docs */,
				B1000115 /* Config */,
			);
			path = Resources;
			sourceTree = "<group>";
		};
/* End PBXGroup section */

/* Begin PBXNativeTarget section */
		B1000400 /* 64Forth */ = {
			isa = PBXNativeTarget;
			buildConfigurationList = B1000502 /* Build configuration list for PBXNativeTarget "64Forth" */;
			buildPhases = (
				B1000700 /* Touch forth.s if .incbin sources newer */,
				B1000401 /* Sources */,
				B1000200 /* Frameworks */,
				B1000402 /* Resources */,
				B1000701 /* Copy AutoLoad */,
				B1000702 /* Copy Library */,
				B1000703 /* Copy Docs */,
				B1000704 /* Copy Config */,
			);
			buildRules = (
			);
			dependencies = (
			);
			name = 64Forth;
			productName = 64Forth;
			productReference = B1000100 /* 64Forth.app */;
			productType = "com.apple.product-type.application";
		};
/* End PBXNativeTarget section */

/* Begin PBXProject section */
		B1000403 /* Project object */ = {
			isa = PBXProject;
			attributes = {
				BuildIndependentTargetsInParallel = 1;
				LastUpgradeCheck = 2700;
			};
			buildConfigurationList = B1000500 /* Build configuration list for PBXProject "64Forth" */;
			compatibilityVersion = "Xcode 14.0";
			developmentRegion = en;
			hasScannedForEncodings = 0;
			knownRegions = (
				en,
				Base,
			);
			mainGroup = B1000300;
			productRefGroup = B1000305 /* Products */;
			projectDirPath = "";
			projectRoot = "";
			targets = (
				B1000400 /* 64Forth */,
			);
		};
/* End PBXProject section */

/* Begin PBXResourcesBuildPhase section */
		B1000402 /* Resources */ = {
			isa = PBXResourcesBuildPhase;
			buildActionMask = 2147483647;
			files = (
				B1000007 /* Assets.xcassets in Resources */,
				FA6AA0DF301916D30007C369 /* 64Forth.jpg in Resources */,
				FAE0DA1C30636EA600B77B7C /* xref.fth in Resources */,
			);
			runOnlyForDeploymentPostprocessing = 0;
		};
/* End PBXResourcesBuildPhase section */

/* Begin PBXShellScriptBuildPhase section */
		B1000700 /* Touch forth.s if .incbin sources newer */ = {
			isa = PBXShellScriptBuildPhase;
			alwaysOutOfDate = 1;
			buildActionMask = 2147483647;
			files = (
			);
			inputFileListPaths = (
			);
			inputPaths = (
				"$(SRCROOT)/Forth/Kernel/kernel1.fth",
				"$(SRCROOT)/Forth/Kernel/kernel2.fth",
				"$(SRCROOT)/Forth/Kernel/vocemit.fth",
				"$(SRCROOT)/Forth/Kernel/vocsys.fth",
				"$(SRCROOT)/Forth/Kernel/app-output.fth",
				"$(SRCROOT)/Forth/Kernel/app-points.fth",
				"$(SRCROOT)/Forth/Kernel/xref.fth",
				"$(SRCROOT)/Forth/Kernel/boot_words.inc",
				"$(SRCROOT)/Forth/Kernel/boot_words_end.inc",
				"$(SRCROOT)/Forth/Kernel/colon_words.inc",
			);
			name = "Touch forth.s if .incbin sources newer";
			outputFileListPaths = (
			);
			outputPaths = (
			);
			runOnlyForDeploymentPostprocessing = 0;
			shellPath = /bin/sh;
			shellScript = "set -e\nKERN=\"${SRCROOT}/Forth/Kernel\"\nASM=\"${KERN}/forth.s\"\nneed=0\nfor f in kernel1.fth kernel2.fth vocemit.fth vocsys.fth app-output.fth app-points.fth xref.fth boot_words.inc boot_words_end.inc colon_words.inc; do\n  if [ -f \"${KERN}/$f\" ] && [ \"${KERN}/$f\" -nt \"$ASM\" ]; then need=1; break; fi\ndone\nif [ \"$need\" = 1 ]; then\n  touch \"$ASM\"\n  echo \"note: touched forth.s (embedded .fth/.inc newer)\"\nfi\n";
		};
		B1000701 /* Copy AutoLoad */ = {
			isa = PBXShellScriptBuildPhase;
			alwaysOutOfDate = 1;
			buildActionMask = 2147483647;
			files = (
			);
			inputFileListPaths = (
			);
			inputPaths = (
				"$(SRCROOT)/Forth/Resources/AutoLoad",
			);
			name = "Copy AutoLoad";
			outputFileListPaths = (
			);
			outputPaths = (
				"$(TARGET_BUILD_DIR)/$(UNLOCALIZED_RESOURCES_FOLDER_PATH)/AutoLoad",
			);
			runOnlyForDeploymentPostprocessing = 0;
			shellPath = /bin/sh;
			shellScript = "set -e\nSRC=\"${SRCROOT}/Forth/Resources/AutoLoad\"\nDEST=\"${TARGET_BUILD_DIR}/${UNLOCALIZED_RESOURCES_FOLDER_PATH}/AutoLoad\"\n# Copy everything in Resources/AutoLoad → Contents/Resources/AutoLoad/\n# (ENABLE_USER_SCRIPT_SANDBOXING is OFF so the whole folder is readable.)\nrm -rf \"${DEST}\"\nmkdir -p \"${DEST}\"\nif [ -d \"${SRC}\" ]; then\n  for f in \"${SRC}\"/* \"${SRC}\"/.[!.]* \"${SRC}\"/..?*; do\n    [ -e \"$f\" ] || continue\n    base=$(basename \"$f\")\n    case \"$base\" in\n      .DS_Store|*.swp|*~) continue ;;\n    esac\n    if [ -f \"$f\" ]; then\n      cp -f \"$f\" \"${DEST}/\"\n    elif [ -d \"$f\" ]; then\n      cp -R \"$f\" \"${DEST}/\"\n    fi\n  done\nfi\n";
		};
		B1000702 /* Copy Library */ = {
			isa = PBXShellScriptBuildPhase;
			alwaysOutOfDate = 1;
			buildActionMask = 2147483647;
			files = (
			);
			inputFileListPaths = (
			);
			inputPaths = (
				"$(SRCROOT)/Forth/Resources/Library",
			);
			name = "Copy Library";
			outputFileListPaths = (
			);
			outputPaths = (
				"$(TARGET_BUILD_DIR)/$(UNLOCALIZED_RESOURCES_FOLDER_PATH)/Library",
			);
			runOnlyForDeploymentPostprocessing = 0;
			shellPath = /bin/sh;
			shellScript = "set -e\nSRC=\"${SRCROOT}/Forth/Resources/Library\"\nDEST=\"${TARGET_BUILD_DIR}/${UNLOCALIZED_RESOURCES_FOLDER_PATH}/Library\"\nKERN=\"${SRCROOT}/Forth/Kernel\"\nLIBSRC=\"${SRC}/Sources\"\n\n# 1) Sync Kernel → Resources/Library/Sources (source tree) so repo VIEW/index\n#    and the bundle all match the assembly that is being linked.\nmkdir -p \"${LIBSRC}\"\nif [ -d \"${KERN}\" ]; then\n  for f in forth.s boot_words.inc boot_words_end.inc colon_words.inc kernel_api.h kernel1.fth kernel2.fth vocemit.fth app-output.fth app-points.fth vocsys.fth xref.fth; do\n    if [ -f \"${KERN}/$f\" ]; then\n      cp -f \"${KERN}/$f\" \"${LIBSRC}/\"\n    fi\n  done\nfi\n\n# 2) Fresh copy Library → app bundle (includes updated Sources/).\n#    Avoids stale FROMLIB sources from folder-ref caching.\nrm -rf \"${DEST}\"\nmkdir -p \"${DEST}\"\nif [ -d \"${SRC}\" ]; then\n  for f in \"${SRC}\"/* \"${SRC}\"/.[!.]* \"${SRC}\"/..?*; do\n    [ -e \"$f\" ] || continue\n    base=$(basename \"$f\")\n    case \"$base\" in\n      .DS_Store|*.swp|*~) continue ;;\n    esac\n    if [ -f \"$f\" ]; then\n      cp -f \"$f\" \"${DEST}/\"\n    elif [ -d \"$f\" ]; then\n      cp -R \"$f\" \"${DEST}/\"\n    fi\n  done\nfi\n";
		};
		B1000703 /* Copy Docs */ = {
			isa = PBXShellScriptBuildPhase;
			alwaysOutOfDate = 1;
			buildActionMask = 2147483647;
			files = (
			);
			inputFileListPaths = (
			);
			inputPaths = (
				"$(SRCROOT)/Forth/Resources/Docs",
			);
			name = "Copy Docs";
			outputFileListPaths = (
			);
			outputPaths = (
				"$(TARGET_BUILD_DIR)/$(UNLOCALIZED_RESOURCES_FOLDER_PATH)/Docs",
			);
			runOnlyForDeploymentPostprocessing = 0;
			shellPath = /bin/sh;
			shellScript = "set -e\nSRC=\"${SRCROOT}/Forth/Resources/Docs\"\nDEST=\"${TARGET_BUILD_DIR}/${UNLOCALIZED_RESOURCES_FOLDER_PATH}/Docs\"\nrm -rf \"${DEST}\"\nmkdir -p \"${DEST}\"\nif [ -d \"${SRC}\" ]; then\n  for f in \"${SRC}\"/* \"${SRC}\"/.[!.]* \"${SRC}\"/..?*; do\n    [ -e \"$f\" ] || continue\n    base=$(basename \"$f\")\n    case \"$base\" in\n      .DS_Store|*.swp|*~) continue ;;\n    esac\n    if [ -f \"$f\" ]; then\n      cp -f \"$f\" \"${DEST}/\"\n    elif [ -d \"$f\" ]; then\n      cp -R \"$f\" \"${DEST}/\"\n    fi\n  done\nfi\n";
		};
		B1000704 /* Copy Config */ = {
			isa = PBXShellScriptBuildPhase;
			alwaysOutOfDate = 1;
			buildActionMask = 2147483647;
			files = (
			);
			inputFileListPaths = (
			);
			inputPaths = (
				"$(SRCROOT)/Forth/Resources/Config",
			);
			name = "Copy Config";
			outputFileListPaths = (
			);
			outputPaths = (
				"$(TARGET_BUILD_DIR)/$(UNLOCALIZED_RESOURCES_FOLDER_PATH)/Config",
			);
			runOnlyForDeploymentPostprocessing = 0;
			shellPath = /bin/sh;
			shellScript = "set -e\nSRC=\"${SRCROOT}/Forth/Resources/Config\"\nDEST=\"${TARGET_BUILD_DIR}/${UNLOCALIZED_RESOURCES_FOLDER_PATH}/Config\"\nrm -rf \"${DEST}\"\nmkdir -p \"${DEST}\"\nif [ -d \"${SRC}\" ]; then\n  for f in \"${SRC}\"/* \"${SRC}\"/.[!.]* \"${SRC}\"/..?*; do\n    [ -e \"$f\" ] || continue\n    base=$(basename \"$f\")\n    case \"$base\" in\n      .DS_Store|*.swp|*~) continue ;;\n    esac\n    if [ -f \"$f\" ]; then\n      cp -f \"$f\" \"${DEST}/\"\n    elif [ -d \"$f\" ]; then\n      cp -R \"$f\" \"${DEST}/\"\n    fi\n  done\nfi\n";
		};
/* End PBXShellScriptBuildPhase section */

/* Begin PBXSourcesBuildPhase section */
		B1000401 /* Sources */ = {
			isa = PBXSourcesBuildPhase;
			buildActionMask = 2147483647;
			files = (
				B1000016 /* AppMain.swift in Sources */,
				B1000017 /* AgentChannel.swift in Sources */,
				FADE85E2306DB6EE0035B509 /* ForthEditorServer.swift in Sources */,
				B1000001 /* SixtyFourForthApp.swift in Sources */,
				B1000015 /* ForthApplication.swift in Sources */,
				B1000002 /* ContentView.swift in Sources */,
				B1000003 /* ConsoleView.swift in Sources */,
				B1000010 /* ConsoleTextView.swift in Sources */,
				B1000004 /* KernelBridge.swift in Sources */,
				B1000005 /* FileHost.swift in Sources */,
				B1000012 /* FileAccess.swift in Sources */,
				B1000011 /* BigIntHost.swift in Sources */,
				B1000013 /* FloatHost.swift in Sources */,
				B1000014 /* FacilityTerminal.swift in Sources */,
				FADE85D8306D82790035B509 /* IPCProtocol.swift in Sources */,
				B1000018 /* AppOutputHost.swift in Sources */,
				B1000019 /* FacilityEditorHost.swift in Sources */,
				B1000006 /* forth.s in Sources */,
				FADE85DC306D83330035B509 /* ForthEngine.swift in Sources */,
			);
			runOnlyForDeploymentPostprocessing = 0;
		};
/* End PBXSourcesBuildPhase section */

/* Begin XCBuildConfiguration section */
		B1000600 /* Debug */ = {
			isa = XCBuildConfiguration;
			buildSettings = {
				ALWAYS_SEARCH_USER_PATHS = NO;
				CLANG_ENABLE_MODULES = YES;
				CLANG_ENABLE_OBJC_ARC = YES;
				CLANG_WARN_BLOCK_CAPTURE_AUTORELEASING = YES;
				CLANG_WARN_BOOL_CONVERSION = YES;
				CLANG_WARN_COMMA = YES;
				CLANG_WARN_CONSTANT_CONVERSION = YES;
				CLANG_WARN_DEPRECATED_OBJC_IMPLEMENTATIONS = YES;
				CLANG_WARN_EMPTY_BODY = YES;
				CLANG_WARN_ENUM_CONVERSION = YES;
				CLANG_WARN_INFINITE_RECURSION = YES;
				CLANG_WARN_INT_CONVERSION = YES;
				CLANG_WARN_NON_LITERAL_NULL_CONVERSION = YES;
				CLANG_WARN_OBJC_IMPLICIT_RETAIN_SELF = YES;
				CLANG_WARN_OBJC_LITERAL_CONVERSION = YES;
				CLANG_WARN_QUOTED_INCLUDE_IN_FRAMEWORK_HEADER = YES;
				CLANG_WARN_RANGE_LOOP_ANALYSIS = YES;
				CLANG_WARN_STRICT_PROTOTYPES = YES;
				CLANG_WARN_SUSPICIOUS_MOVE = YES;
				CLANG_WARN_UNREACHABLE_CODE = YES;
				CLANG_WARN__DUPLICATE_METHOD_MATCH = YES;
				COPY_PHASE_STRIP = NO;
				DEAD_CODE_STRIPPING = YES;
				DEBUG_INFORMATION_FORMAT = dwarf;
				ENABLE_STRICT_OBJC_MSGSEND = YES;
				ENABLE_TESTABILITY = YES;
				ENABLE_USER_SCRIPT_SANDBOXING = NO;
				EXCLUDED_ARCHS = "x86_64 i386";
				GCC_DYNAMIC_NO_PIC = NO;
				GCC_NO_COMMON_BLOCKS = YES;
				GCC_OPTIMIZATION_LEVEL = 0;
				GCC_WARN_64_TO_32_BIT_CONVERSION = YES;
				GCC_WARN_ABOUT_RETURN_TYPE = YES;
				GCC_WARN_UNDECLARED_SELECTOR = YES;
				GCC_WARN_UNINITIALIZED_AUTOS = YES;
				GCC_WARN_UNUSED_FUNCTION = YES;
				GCC_WARN_UNUSED_VARIABLE = YES;
				MACOSX_DEPLOYMENT_TARGET = 14.0;
				ONLY_ACTIVE_ARCH = YES;
				SDKROOT = macosx;
				STRING_CATALOG_GENERATE_SYMBOLS = YES;
				SWIFT_ACTIVE_COMPILATION_CONDITIONS = DEBUG;
				SWIFT_OPTIMIZATION_LEVEL = "-Onone";
				VALID_ARCHS = arm64;
			};
			name = Debug;
		};
		B1000601 /* Release */ = {
			isa = XCBuildConfiguration;
			buildSettings = {
				ALWAYS_SEARCH_USER_PATHS = NO;
				CLANG_ENABLE_MODULES = YES;
				CLANG_ENABLE_OBJC_ARC = YES;
				CLANG_WARN_BLOCK_CAPTURE_AUTORELEASING = YES;
				CLANG_WARN_BOOL_CONVERSION = YES;
				CLANG_WARN_COMMA = YES;
				CLANG_WARN_CONSTANT_CONVERSION = YES;
				CLANG_WARN_DEPRECATED_OBJC_IMPLEMENTATIONS = YES;
				CLANG_WARN_EMPTY_BODY = YES;
				CLANG_WARN_ENUM_CONVERSION = YES;
				CLANG_WARN_INFINITE_RECURSION = YES;
				CLANG_WARN_INT_CONVERSION = YES;
				CLANG_WARN_NON_LITERAL_NULL_CONVERSION = YES;
				CLANG_WARN_OBJC_IMPLICIT_RETAIN_SELF = YES;
				CLANG_WARN_OBJC_LITERAL_CONVERSION = YES;
				CLANG_WARN_QUOTED_INCLUDE_IN_FRAMEWORK_HEADER = YES;
				CLANG_WARN_RANGE_LOOP_ANALYSIS = YES;
				CLANG_WARN_STRICT_PROTOTYPES = YES;
				CLANG_WARN_SUSPICIOUS_MOVE = YES;
				CLANG_WARN_UNREACHABLE_CODE = YES;
				CLANG_WARN__DUPLICATE_METHOD_MATCH = YES;
				COPY_PHASE_STRIP = NO;
				DEAD_CODE_STRIPPING = YES;
				DEBUG_INFORMATION_FORMAT = "dwarf-with-dsym";
				ENABLE_STRICT_OBJC_MSGSEND = YES;
				ENABLE_USER_SCRIPT_SANDBOXING = NO;
				EXCLUDED_ARCHS = "x86_64 i386";
				GCC_NO_COMMON_BLOCKS = YES;
				GCC_WARN_64_TO_32_BIT_CONVERSION = YES;
				GCC_WARN_ABOUT_RETURN_TYPE = YES;
				GCC_WARN_UNDECLARED_SELECTOR = YES;
				GCC_WARN_UNINITIALIZED_AUTOS = YES;
				GCC_WARN_UNUSED_FUNCTION = YES;
				GCC_WARN_UNUSED_VARIABLE = YES;
				MACOSX_DEPLOYMENT_TARGET = 14.0;
				SDKROOT = macosx;
				STRING_CATALOG_GENERATE_SYMBOLS = YES;
				SWIFT_COMPILATION_MODE = wholemodule;
				VALID_ARCHS = arm64;
			};
			name = Release;
		};
		B1000602 /* Debug */ = {
			isa = XCBuildConfiguration;
			buildSettings = {
				ASSETCATALOG_COMPILER_APPICON_NAME = AppIcon;
				CODE_SIGN_ENTITLEMENTS = Forth/64Forth.entitlements;
				"CODE_SIGN_IDENTITY[sdk=macosx*]" = "Apple Development";
				CODE_SIGN_STYLE = Automatic;
				COMBINE_HIDPI_IMAGES = YES;
				CURRENT_PROJECT_VERSION = 48;
				DEAD_CODE_STRIPPING = YES;
				DEVELOPMENT_TEAM = X5YCJL3LJ8;
				ENABLE_APP_SANDBOX = NO;
				ENABLE_HARDENED_RUNTIME = YES;
				GENERATE_INFOPLIST_FILE = NO;
				HEADER_SEARCH_PATHS = "$(SRCROOT)/Forth/Kernel";
				INFOPLIST_FILE = Forth/Info.plist;
				INFOPLIST_KEY_CFBundleDisplayName = 64Forth;
				INFOPLIST_KEY_LSApplicationCategoryType = "public.app-category.developer-tools";
				IPHONEOS_DEPLOYMENT_TARGET = 26.6;
				LD_RUNPATH_SEARCH_PATHS = (
					"$(inherited)",
					"@executable_path/../Frameworks",
				);
				MACOSX_DEPLOYMENT_TARGET = 26.6;
				MARKETING_VERSION = 1.5.4;
				OTHER_CFLAGS = "-I$(SRCROOT)/Forth/Kernel";
				PRODUCT_BUNDLE_IDENTIFIER = com.win32forth.SixtyFourForth;
				PRODUCT_NAME = "$(TARGET_NAME)";
				SUPPORTED_PLATFORMS = macosx;
				SUPPORTS_MACCATALYST = NO;
				SWIFT_EMIT_LOC_STRINGS = YES;
				SWIFT_VERSION = 5.0;
			};
			name = Debug;
		};
		B1000603 /* Release */ = {
			isa = XCBuildConfiguration;
			buildSettings = {
				ASSETCATALOG_COMPILER_APPICON_NAME = AppIcon;
				CODE_SIGN_ENTITLEMENTS = Forth/64Forth.entitlements;
				"CODE_SIGN_IDENTITY[sdk=macosx*]" = "Apple Development";
				CODE_SIGN_STYLE = Automatic;
				COMBINE_HIDPI_IMAGES = YES;
				CURRENT_PROJECT_VERSION = 48;
				DEAD_CODE_STRIPPING = YES;
				DEVELOPMENT_TEAM = X5YCJL3LJ8;
				ENABLE_APP_SANDBOX = NO;
				ENABLE_HARDENED_RUNTIME = YES;
				GENERATE_INFOPLIST_FILE = NO;
				HEADER_SEARCH_PATHS = "$(SRCROOT)/Forth/Kernel";
				INFOPLIST_FILE = Forth/Info.plist;
				INFOPLIST_KEY_CFBundleDisplayName = 64Forth;
				INFOPLIST_KEY_LSApplicationCategoryType = "public.app-category.developer-tools";
				IPHONEOS_DEPLOYMENT_TARGET = 26.6;
				LD_RUNPATH_SEARCH_PATHS = (
					"$(inherited)",
					"@executable_path/../Frameworks",
				);
				MACOSX_DEPLOYMENT_TARGET = 26.6;
				MARKETING_VERSION = 1.5.4;
				OTHER_CFLAGS = "-I$(SRCROOT)/Forth/Kernel";
				PRODUCT_BUNDLE_IDENTIFIER = com.win32forth.SixtyFourForth;
				PRODUCT_NAME = "$(TARGET_NAME)";
				SUPPORTED_PLATFORMS = macosx;
				SUPPORTS_MACCATALYST = NO;
				SWIFT_EMIT_LOC_STRINGS = YES;
				SWIFT_VERSION = 5.0;
			};
			name = Release;
		};
/* End XCBuildConfiguration section */

/* Begin XCConfigurationList section */
		B1000500 /* Build configuration list for PBXProject "64Forth" */ = {
			isa = XCConfigurationList;
			buildConfigurations = (
				B1000600 /* Debug */,
				B1000601 /* Release */,
			);
			defaultConfigurationIsVisible = 0;
			defaultConfigurationName = Release;
		};
		B1000502 /* Build configuration list for PBXNativeTarget "64Forth" */ = {
			isa = XCConfigurationList;
			buildConfigurations = (
				B1000602 /* Debug */,
				B1000603 /* Release */,
			);
			defaultConfigurationIsVisible = 0;
			defaultConfigurationName = Release;
		};
/* End XCConfigurationList section */
	};
	rootObject = B1000403 /* Project object */;
}
